Microsoft Visual Studio Solution File, Format Version 11.00
# Visual Studio 2008

Project("{B43F6972-1140-E906-F0C1-3B4B355EE2DE}") = "Stickman 1", "Assembly-CSharp-firstpass.csproj", "{90329EF2-2EA0-351C-711A-5F6C551E230F}"
EndProject
Project("{B43F6972-1140-E906-F0C1-3B4B355EE2DE}") = "Stickman 1", "Assembly-CSharp.csproj", "{0F24E592-65B0-1043-F352-4E7EE1431ECD}"
EndProject
Project("{B43F6972-1140-E906-F0C1-3B4B355EE2DE}") = "Stickman 1", "Assembly-CSharp-Editor.csproj", "{763C2465-B73C-079F-BF34-78835C9729F0}"
EndProject
Global
	GlobalSection(SolutionConfigurationPlatforms) = preSolution
		Debug|Any CPU = Debug|Any CPU
		Release|Any CPU = Release|Any CPU
	EndGlobalSection
	GlobalSection(ProjectConfigurationPlatforms) = postSolution
		{90329EF2-2EA0-351C-711A-5F6C551E230F}.Debug|Any CPU.ActiveCfg = Debug|Any CPU
		{90329EF2-2EA0-351C-711A-5F6C551E230F}.Debug|Any CPU.Build.0 = Debug|Any CPU
		{90329EF2-2EA0-351C-711A-5F6C551E230F}.Release|Any CPU.ActiveCfg = Release|Any CPU
		{90329EF2-2EA0-351C-711A-5F6C551E230F}.Release|Any CPU.Build.0 = Release|Any CPU
		{0F24E592-65B0-1043-F352-4E7EE1431ECD}.Debug|Any CPU.ActiveCfg = Debug|Any CPU
		{0F24E592-65B0-1043-F352-4E7EE1431ECD}.Debug|Any CPU.Build.0 = Debug|Any CPU
		{0F24E592-65B0-1043-F352-4E7EE1431ECD}.Release|Any CPU.ActiveCfg = Release|Any CPU
		{0F24E592-65B0-1043-F352-4E7EE1431ECD}.Release|Any CPU.Build.0 = Release|Any CPU
		{763C2465-B73C-079F-BF34-78835C9729F0}.Debug|Any CPU.ActiveCfg = Debug|Any CPU
		{763C2465-B73C-079F-BF34-78835C9729F0}.Debug|Any CPU.Build.0 = Debug|Any CPU
		{763C2465-B73C-079F-BF34-78835C9729F0}.Release|Any CPU.ActiveCfg = Release|Any CPU
		{763C2465-B73C-079F-BF34-78835C9729F0}.Release|Any CPU.Build.0 = Release|Any CPU
	EndGlobalSection
	GlobalSection(SolutionProperties) = preSolution
		HideSolutionNode = FALSE
	EndGlobalSection
	GlobalSection(MonoDevelopProperties) = preSolution
		StartupItem = Assembly-CSharp.csproj
	EndGlobalSection
EndGlobal
