
Microsoft Visual Studio Solution File, Format Version 12.00
# Visual Studio 2015
Project("{FAE04EC0-301F-11D3-BF4B-00C04F79EFBC}") = "Stickman 1.CSharp.Plugins", "Stickman 1.CSharp.Plugins.csproj", "{44E4D9E2-0E12-AEF2-D839-19EB0D2A38C3}"
EndProject
Project("{FAE04EC0-301F-11D3-BF4B-00C04F79EFBC}") = "Stickman 1.CSharp", "Stickman 1.CSharp.csproj", "{C43917D4-A85F-0E98-C881-26CCB7CEF435}"
EndProject
Project("{FAE04EC0-301F-11D3-BF4B-00C04F79EFBC}") = "Stickman 1.CSharp.Editor", "Stickman 1.CSharp.Editor.csproj", "{3A35BBC0-F9C8-57DD-6E52-4F69BA1BAB18}"
EndProject
Global
	GlobalSection(SolutionConfigurationPlatforms) = preSolution
		Debug|Any CPU = Debug|Any CPU
		Release|Any CPU = Release|Any CPU
	EndGlobalSection
	GlobalSection(ProjectConfigurationPlatforms) = postSolution
		{44E4D9E2-0E12-AEF2-D839-19EB0D2A38C3}.Debug|Any CPU.ActiveCfg = Debug|Any CPU
		{44E4D9E2-0E12-AEF2-D839-19EB0D2A38C3}.Debug|Any CPU.Build.0 = Debug|Any CPU
		{44E4D9E2-0E12-AEF2-D839-19EB0D2A38C3}.Release|Any CPU.ActiveCfg = Release|Any CPU
		{44E4D9E2-0E12-AEF2-D839-19EB0D2A38C3}.Release|Any CPU.Build.0 = Release|Any CPU
		{C43917D4-A85F-0E98-C881-26CCB7CEF435}.Debug|Any CPU.ActiveCfg = Debug|Any CPU
		{C43917D4-A85F-0E98-C881-26CCB7CEF435}.Debug|Any CPU.Build.0 = Debug|Any CPU
		{C43917D4-A85F-0E98-C881-26CCB7CEF435}.Release|Any CPU.ActiveCfg = Release|Any CPU
		{C43917D4-A85F-0E98-C881-26CCB7CEF435}.Release|Any CPU.Build.0 = Release|Any CPU
		{3A35BBC0-F9C8-57DD-6E52-4F69BA1BAB18}.Debug|Any CPU.ActiveCfg = Debug|Any CPU
		{3A35BBC0-F9C8-57DD-6E52-4F69BA1BAB18}.Debug|Any CPU.Build.0 = Debug|Any CPU
		{3A35BBC0-F9C8-57DD-6E52-4F69BA1BAB18}.Release|Any CPU.ActiveCfg = Release|Any CPU
		{3A35BBC0-F9C8-57DD-6E52-4F69BA1BAB18}.Release|Any CPU.Build.0 = Release|Any CPU
	EndGlobalSection
	GlobalSection(SolutionProperties) = preSolution
		HideSolutionNode = FALSE
	EndGlobalSection
EndGlobal
